<?xml version="1.0" encoding="utf-8"?>
<Project ToolsVersion="4.0" xmlns="http://schemas.microsoft.com/developer/msbuild/2003">
  <ItemGroup>
    <Filter Include="Pliki źródłowe">
      <UniqueIdentifier>{4FC737F1-C7A5-4376-A066-2A32D752A2FF}</UniqueIdentifier>
      <Extensions>cpp;c;cc;cxx;def;odl;idl;hpj;bat;asm;asmx</Extensions>
    </Filter>
    <Filter Include="Pliki nagłówkowe">
      <UniqueIdentifier>{93995380-89BD-4b04-88EB-625FBE52EBFB}</UniqueIdentifier>
      <Extensions>h;hh;hpp;hxx;hm;inl;inc;xsd</Extensions>
    </Filter>
    <Filter Include="DLL">
      <UniqueIdentifier>{12684129-b301-4202-b45b-351e524b9f52}</UniqueIdentifier>
    </Filter>
    <Filter Include="Others">
      <UniqueIdentifier>{557d1337-36f7-457e-8686-4d651ac34970}</UniqueIdentifier>
    </Filter>
  </ItemGroup>
  <ItemGroup>
    <ClInclude Include="Game.h">
      <Filter>Pliki nagłówkowe</Filter>
    </ClInclude>
    <ClInclude Include="Settings.h">
      <Filter>Pliki nagłówkowe</Filter>
    </ClInclude>
    <ClInclude Include="Fps_counter.h">
      <Filter>Pliki nagłówkowe</Filter>
    </ClInclude>
    <ClInclude Include="Texture_manager.h">
      <Filter>Pliki nagłówkowe</Filter>
    </ClInclude>
    <ClInclude Include="Font_manager.h">
      <Filter>Pliki nagłówkowe</Filter>
    </ClInclude>
    <ClInclude Include="stdafx.h">
      <Filter>Others</Filter>
    </ClInclude>
    <ClInclude Include="targetver.h">
      <Filter>Others</Filter>
    </ClInclude>
    <ClInclude Include="Map.h">
      <Filter>Pliki nagłówkowe</Filter>
    </ClInclude>
    <ClInclude Include="Tile.h">
      <Filter>Pliki nagłówkowe</Filter>
    </ClInclude>
    <ClInclude Include="Animation.h">
      <Filter>Pliki nagłówkowe</Filter>
    </ClInclude>
    <ClInclude Include="Animated_sprite.h">
      <Filter>Pliki nagłówkowe</Filter>
    </ClInclude>
  </ItemGroup>
  <ItemGroup>
    <ClCompile Include="Diamonds.cpp">
      <Filter>Pliki źródłowe</Filter>
    </ClCompile>
    <ClCompile Include="Game.cpp">
      <Filter>Pliki źródłowe</Filter>
    </ClCompile>
    <ClCompile Include="Settings.cpp">
      <Filter>Pliki źródłowe</Filter>
    </ClCompile>
    <ClCompile Include="Fps_counter.cpp">
      <Filter>Pliki źródłowe</Filter>
    </ClCompile>
    <ClCompile Include="Texture_manager.cpp">
      <Filter>Pliki źródłowe</Filter>
    </ClCompile>
    <ClCompile Include="Font_manager.cpp">
      <Filter>Pliki źródłowe</Filter>
    </ClCompile>
    <ClCompile Include="stdafx.cpp">
      <Filter>Others</Filter>
    </ClCompile>
    <ClCompile Include="Map.cpp">
      <Filter>Pliki źródłowe</Filter>
    </ClCompile>
    <ClCompile Include="Tile.cpp">
      <Filter>Pliki źródłowe</Filter>
    </ClCompile>
    <ClCompile Include="Animation.cpp">
      <Filter>Pliki źródłowe</Filter>
    </ClCompile>
    <ClCompile Include="Animated_sprite.cpp">
      <Filter>Pliki źródłowe</Filter>
    </ClCompile>
  </ItemGroup>
  <ItemGroup>
    <None Include="..\..\..\SFML-2.5.0\bin\openal32.dll">
      <Filter>DLL</Filter>
    </None>
    <None Include="..\..\..\SFML-2.5.0\bin\sfml-audio-2.dll">
      <Filter>DLL</Filter>
    </None>
    <None Include="..\..\..\SFML-2.5.0\bin\sfml-audio-d-2.dll">
      <Filter>DLL</Filter>
    </None>
    <None Include="..\..\..\SFML-2.5.0\bin\sfml-graphics-2.dll">
      <Filter>DLL</Filter>
    </None>
    <None Include="..\..\..\SFML-2.5.0\bin\sfml-graphics-d-2.dll">
      <Filter>DLL</Filter>
    </None>
    <None Include="..\..\..\SFML-2.5.0\bin\sfml-network-2.dll">
      <Filter>DLL</Filter>
    </None>
    <None Include="..\..\..\SFML-2.5.0\bin\sfml-network-d-2.dll">
      <Filter>DLL</Filter>
    </None>
    <None Include="..\..\..\SFML-2.5.0\bin\sfml-system-2.dll">
      <Filter>DLL</Filter>
    </None>
    <None Include="..\..\..\SFML-2.5.0\bin\sfml-system-d-2.dll">
      <Filter>DLL</Filter>
    </None>
    <None Include="..\..\..\SFML-2.5.0\bin\sfml-window-2.dll">
      <Filter>DLL</Filter>
    </None>
    <None Include="..\..\..\SFML-2.5.0\bin\sfml-window-d-2.dll">
      <Filter>DLL</Filter>
    </None>
  </ItemGroup>
</Project>